// !$*UTF8*$!
{
	archiveVersion = 1;
	classes = {
	};
	objectVersion = 51;
	objects = {

/* Begin PBXBuildFile section */
		9B562E2626EF3C70005B00D7 /* Kingfisher+Extension.swift in Sources */ = {isa = PBXBuildFile; fileRef = 9B562E2526EF3C70005B00D7 /* Kingfisher+Extension.swift */; };
		9B562E2926EF430B005B00D7 /* NewsDetailViewController.swift in Sources */ = {isa = PBXBuildFile; fileRef = 9B562E2826EF430B005B00D7 /* NewsDetailViewController.swift */; };
		9B562E2B26EF4383005B00D7 /* NewsDetailViewModel.swift in Sources */ = {isa = PBXBuildFile; fileRef = 9B562E2A26EF4383005B00D7 /* NewsDetailViewModel.swift */; };
		9B562E2D26EF9BB5005B00D7 /* MainTabBarController.swift in Sources */ = {isa = PBXBuildFile; fileRef = 9B562E2C26EF9BB5005B00D7 /* MainTabBarController.swift */; };
		9B562E2F26EF9D7E005B00D7 /* MainTabCoordinator.swift in Sources */ = {isa = PBXBuildFile; fileRef = 9B562E2E26EF9D7E005B00D7 /* MainTabCoordinator.swift */; };
		9B562E3126EFA0A8005B00D7 /* Article.swift in Sources */ = {isa = PBXBuildFile; fileRef = 9B562E3026EFA0A8005B00D7 /* Article.swift */; };
		9B562E3626EFDEED005B00D7 /* R.generated.swift in Sources */ = {isa = PBXBuildFile; fileRef = 9B562E3526EFDEEC005B00D7 /* R.generated.swift */; };
		9B562E5A26EFE0C1005B00D7 /* Font.swift in Sources */ = {isa = PBXBuildFile; fileRef = 9B562E4226EFE0C0005B00D7 /* Font.swift */; };
		9B562E5B26EFE0C1005B00D7 /* SF-Display-Light.ttf in Resources */ = {isa = PBXBuildFile; fileRef = 9B562E4426EFE0C0005B00D7 /* SF-Display-Light.ttf */; };
		9B562E5C26EFE0C1005B00D7 /* SF-Text-RegularItalic.ttf in Resources */ = {isa = PBXBuildFile; fileRef = 9B562E4526EFE0C0005B00D7 /* SF-Text-RegularItalic.ttf */; };
		9B562E5D26EFE0C1005B00D7 /* SF-Text-Bold.ttf in Resources */ = {isa = PBXBuildFile; fileRef = 9B562E4626EFE0C0005B00D7 /* SF-Text-Bold.ttf */; };
		9B562E5E26EFE0C1005B00D7 /* SF-Display-Bold.ttf in Resources */ = {isa = PBXBuildFile; fileRef = 9B562E4726EFE0C0005B00D7 /* SF-Display-Bold.ttf */; };
		9B562E5F26EFE0C1005B00D7 /* SF-Display-Semibold.ttf in Resources */ = {isa = PBXBuildFile; fileRef = 9B562E4826EFE0C0005B00D7 /* SF-Display-Semibold.ttf */; };
		9B562E6026EFE0C1005B00D7 /* SF-Text-Medium.ttf in Resources */ = {isa = PBXBuildFile; fileRef = 9B562E4926EFE0C0005B00D7 /* SF-Text-Medium.ttf */; };
		9B562E6126EFE0C1005B00D7 /* SF-Display-Heavy.ttf in Resources */ = {isa = PBXBuildFile; fileRef = 9B562E4A26EFE0C0005B00D7 /* SF-Display-Heavy.ttf */; };
		9B562E6226EFE0C1005B00D7 /* SF-Text-BoldItalic.ttf in Resources */ = {isa = PBXBuildFile; fileRef = 9B562E4B26EFE0C0005B00D7 /* SF-Text-BoldItalic.ttf */; };
		9B562E6326EFE0C1005B00D7 /* SF-Display-Regular.ttf in Resources */ = {isa = PBXBuildFile; fileRef = 9B562E4C26EFE0C1005B00D7 /* SF-Display-Regular.ttf */; };
		9B562E6426EFE0C1005B00D7 /* SF-Text-Heavy.ttf in Resources */ = {isa = PBXBuildFile; fileRef = 9B562E4D26EFE0C1005B00D7 /* SF-Text-Heavy.ttf */; };
		9B562E6526EFE0C1005B00D7 /* SF-Display-Medium.ttf in Resources */ = {isa = PBXBuildFile; fileRef = 9B562E4E26EFE0C1005B00D7 /* SF-Display-Medium.ttf */; };
		9B562E6626EFE0C1005B00D7 /* SF-Text-Semibold.ttf in Resources */ = {isa = PBXBuildFile; fileRef = 9B562E4F26EFE0C1005B00D7 /* SF-Text-Semibold.ttf */; };
		9B562E6726EFE0C1005B00D7 /* SF-Display-Black.ttf in Resources */ = {isa = PBXBuildFile; fileRef = 9B562E5026EFE0C1005B00D7 /* SF-Display-Black.ttf */; };
		9B562E6826EFE0C1005B00D7 /* SF-Text-Regular.ttf in Resources */ = {isa = PBXBuildFile; fileRef = 9B562E5126EFE0C1005B00D7 /* SF-Text-Regular.ttf */; };
		9B562E6A26EFE2B0005B00D7 /* Colors.swift in Sources */ = {isa = PBXBuildFile; fileRef = 9B562E6926EFE2B0005B00D7 /* Colors.swift */; };
		9B562E6D26EFE39C005B00D7 /* Color+Extension.swift in Sources */ = {isa = PBXBuildFile; fileRef = 9B562E6C26EFE39C005B00D7 /* Color+Extension.swift */; };
		9B562E7326EFE911005B00D7 /* NewsTabBarView.swift in Sources */ = {isa = PBXBuildFile; fileRef = 9B562E7226EFE911005B00D7 /* NewsTabBarView.swift */; };
		9B562E7526EFEB5E005B00D7 /* OtherNewsViewController.swift in Sources */ = {isa = PBXBuildFile; fileRef = 9B562E7426EFEB5E005B00D7 /* OtherNewsViewController.swift */; };
		9B562E7726EFEBAA005B00D7 /* OtherNewsViewModel.swift in Sources */ = {isa = PBXBuildFile; fileRef = 9B562E7626EFEBAA005B00D7 /* OtherNewsViewModel.swift */; };
		9B562E7926F0811D005B00D7 /* OtherCoordinator.swift in Sources */ = {isa = PBXBuildFile; fileRef = 9B562E7826F0811D005B00D7 /* OtherCoordinator.swift */; };
		9B562E7B26F083CA005B00D7 /* BaseNewsViewController.swift in Sources */ = {isa = PBXBuildFile; fileRef = 9B562E7A26F083CA005B00D7 /* BaseNewsViewController.swift */; };
		9B562E7E26F083F5005B00D7 /* BaseNewsViewModel.swift in Sources */ = {isa = PBXBuildFile; fileRef = 9B562E7D26F083F5005B00D7 /* BaseNewsViewModel.swift */; };
		9B562E8226F0884B005B00D7 /* BaseNewsTableViewCell.swift in Sources */ = {isa = PBXBuildFile; fileRef = 9B562E8126F0884B005B00D7 /* BaseNewsTableViewCell.swift */; };
		9B562E8426F08869005B00D7 /* BaseNewsTableViewCellViewModel.swift in Sources */ = {isa = PBXBuildFile; fileRef = 9B562E8326F08869005B00D7 /* BaseNewsTableViewCellViewModel.swift */; };
		9B562E8B26F08D33005B00D7 /* EverythingNewsViewController.swift in Sources */ = {isa = PBXBuildFile; fileRef = 9B562E8A26F08D33005B00D7 /* EverythingNewsViewController.swift */; };
		9B562E8D26F08D89005B00D7 /* EverythingNewsViewModel.swift in Sources */ = {isa = PBXBuildFile; fileRef = 9B562E8C26F08D89005B00D7 /* EverythingNewsViewModel.swift */; };
		9B562E8F26F08DDE005B00D7 /* EverythingNewsTableProvider.swift in Sources */ = {isa = PBXBuildFile; fileRef = 9B562E8E26F08DDD005B00D7 /* EverythingNewsTableProvider.swift */; };
		9B562E9326F09022005B00D7 /* EverythingNewsCell.swift in Sources */ = {isa = PBXBuildFile; fileRef = 9B562E9226F09022005B00D7 /* EverythingNewsCell.swift */; };
		9B562E9526F0905A005B00D7 /* EverythingNewsCellViewModel.swift in Sources */ = {isa = PBXBuildFile; fileRef = 9B562E9426F0905A005B00D7 /* EverythingNewsCellViewModel.swift */; };
		9B562E9726F091AF005B00D7 /* SourcesNewsViewController.swift in Sources */ = {isa = PBXBuildFile; fileRef = 9B562E9626F091AF005B00D7 /* SourcesNewsViewController.swift */; };
		9B562E9A26F091D1005B00D7 /* SourcesNewsViewModel.swift in Sources */ = {isa = PBXBuildFile; fileRef = 9B562E9926F091D1005B00D7 /* SourcesNewsViewModel.swift */; };
		9B562E9C26F091DE005B00D7 /* SourcesNewsCell.swift in Sources */ = {isa = PBXBuildFile; fileRef = 9B562E9B26F091DE005B00D7 /* SourcesNewsCell.swift */; };
		9B562E9E26F091F7005B00D7 /* SourcesNewsCellViewModel.swift in Sources */ = {isa = PBXBuildFile; fileRef = 9B562E9D26F091F7005B00D7 /* SourcesNewsCellViewModel.swift */; };
		9B562EA026F0922C005B00D7 /* SourceTableProvider.swift in Sources */ = {isa = PBXBuildFile; fileRef = 9B562E9F26F0922C005B00D7 /* SourceTableProvider.swift */; };
		9BDE620D26D4031B00876C80 /* AppDelegate.swift in Sources */ = {isa = PBXBuildFile; fileRef = 9BDE620C26D4031B00876C80 /* AppDelegate.swift */; };
		9BDE621726D4031B00876C80 /* News.xcdatamodeld in Sources */ = {isa = PBXBuildFile; fileRef = 9BDE621526D4031B00876C80 /* News.xcdatamodeld */; };
		9BDE621926D4031E00876C80 /* Assets.xcassets in Resources */ = {isa = PBXBuildFile; fileRef = 9BDE621826D4031E00876C80 /* Assets.xcassets */; };
		9BDE621C26D4031E00876C80 /* LaunchScreen.storyboard in Resources */ = {isa = PBXBuildFile; fileRef = 9BDE621A26D4031E00876C80 /* LaunchScreen.storyboard */; };
		9BDE622C26D404BA00876C80 /* GlobalClosures.swift in Sources */ = {isa = PBXBuildFile; fileRef = 9BDE622B26D404BA00876C80 /* GlobalClosures.swift */; };
		9BDE622E26D404ED00876C80 /* Applyable.swift in Sources */ = {isa = PBXBuildFile; fileRef = 9BDE622D26D404ED00876C80 /* Applyable.swift */; };
		9BDE623126D4055500876C80 /* Coordinator.swift in Sources */ = {isa = PBXBuildFile; fileRef = 9BDE623026D4055500876C80 /* Coordinator.swift */; };
		9BDE623326D4057B00876C80 /* AppCoordinatorContent.swift in Sources */ = {isa = PBXBuildFile; fileRef = 9BDE623226D4057B00876C80 /* AppCoordinatorContent.swift */; };
		9BDE623526D405CD00876C80 /* AppCoordinatorViewModel.swift in Sources */ = {isa = PBXBuildFile; fileRef = 9BDE623426D405CD00876C80 /* AppCoordinatorViewModel.swift */; };
		9BDE623926D4061500876C80 /* AppCoordinator.swift in Sources */ = {isa = PBXBuildFile; fileRef = 9BDE623826D4061500876C80 /* AppCoordinator.swift */; };
		9BDE623C26D4065400876C80 /* BaseFlowViewModel.swift in Sources */ = {isa = PBXBuildFile; fileRef = 9BDE623B26D4065400876C80 /* BaseFlowViewModel.swift */; };
		9BDE623F26D4069A00876C80 /* CurrentCoordinator.swift in Sources */ = {isa = PBXBuildFile; fileRef = 9BDE623E26D4069A00876C80 /* CurrentCoordinator.swift */; };
		9BDE624226D406F700876C80 /* NewsListViewController.swift in Sources */ = {isa = PBXBuildFile; fileRef = 9BDE624126D406F700876C80 /* NewsListViewController.swift */; };
		9BDE624526D4075400876C80 /* BaseNavigationController.swift in Sources */ = {isa = PBXBuildFile; fileRef = 9BDE624426D4075400876C80 /* BaseNavigationController.swift */; };
		9BDE624726D407B700876C80 /* BaseViewController.swift in Sources */ = {isa = PBXBuildFile; fileRef = 9BDE624626D407B700876C80 /* BaseViewController.swift */; };
		9BDE624926D428FE00876C80 /* NewsListViewModel.swift in Sources */ = {isa = PBXBuildFile; fileRef = 9BDE624826D428FE00876C80 /* NewsListViewModel.swift */; };
		9BDE624E26D4394100876C80 /* NewsTableViewCell.swift in Sources */ = {isa = PBXBuildFile; fileRef = 9BDE624D26D4394100876C80 /* NewsTableViewCell.swift */; };
		9BDE625026D439F700876C80 /* NewsCellViewModel.swift in Sources */ = {isa = PBXBuildFile; fileRef = 9BDE624F26D439F700876C80 /* NewsCellViewModel.swift */; };
		9BDE625726D4409D00876C80 /* TableViewProvider.swift in Sources */ = {isa = PBXBuildFile; fileRef = 9BDE625626D4409D00876C80 /* TableViewProvider.swift */; };
		9BDE625926D440C900876C80 /* NewsTableProvider.swift in Sources */ = {isa = PBXBuildFile; fileRef = 9BDE625826D440C900876C80 /* NewsTableProvider.swift */; };
		9BDE625C26D4439C00876C80 /* NewsAPI.swift in Sources */ = {isa = PBXBuildFile; fileRef = 9BDE625B26D4439C00876C80 /* NewsAPI.swift */; };
		9BDE625F26D4449F00876C80 /* NetworkService.swift in Sources */ = {isa = PBXBuildFile; fileRef = 9BDE625E26D4449F00876C80 /* NetworkService.swift */; };
		9BDE626226D446AF00876C80 /* NewsResponse.swift in Sources */ = {isa = PBXBuildFile; fileRef = 9BDE626126D446AF00876C80 /* NewsResponse.swift */; };
		D7930F04B654A11EAEA25282 /* libPods-News.a in Frameworks */ = {isa = PBXBuildFile; fileRef = 783CFAC5C2CEB218C5CB7E51 /* libPods-News.a */; };
/* End PBXBuildFile section */

/* Begin PBXFileReference section */
		33F3374AA1D2CC7B8238BFD0 /* Pods-News.debug.xcconfig */ = {isa = PBXFileReference; includeInIndex = 1; lastKnownFileType = text.xcconfig; name = "Pods-News.debug.xcconfig"; path = "Target Support Files/Pods-News/Pods-News.debug.xcconfig"; sourceTree = "<group>"; };
		783CFAC5C2CEB218C5CB7E51 /* libPods-News.a */ = {isa = PBXFileReference; explicitFileType = archive.ar; includeInIndex = 0; path = "libPods-News.a"; sourceTree = BUILT_PRODUCTS_DIR; };
		9B562E2526EF3C70005B00D7 /* Kingfisher+Extension.swift */ = {isa = PBXFileReference; lastKnownFileType = sourcecode.swift; path = "Kingfisher+Extension.swift"; sourceTree = "<group>"; };
		9B562E2826EF430B005B00D7 /* NewsDetailViewController.swift */ = {isa = PBXFileReference; lastKnownFileType = sourcecode.swift; path = NewsDetailViewController.swift; sourceTree = "<group>"; };
		9B562E2A26EF4383005B00D7 /* NewsDetailViewModel.swift */ = {isa = PBXFileReference; lastKnownFileType = sourcecode.swift; path = NewsDetailViewModel.swift; sourceTree = "<group>"; };
		9B562E2C26EF9BB5005B00D7 /* MainTabBarController.swift */ = {isa = PBXFileReference; lastKnownFileType = sourcecode.swift; path = MainTabBarController.swift; sourceTree = "<group>"; };
		9B562E2E26EF9D7E005B00D7 /* MainTabCoordinator.swift */ = {isa = PBXFileReference; lastKnownFileType = sourcecode.swift; path = MainTabCoordinator.swift; sourceTree = "<group>"; };
		9B562E3026EFA0A8005B00D7 /* Article.swift */ = {isa = PBXFileReference; lastKnownFileType = sourcecode.swift; path = Article.swift; sourceTree = "<group>"; };
		9B562E3526EFDEEC005B00D7 /* R.generated.swift */ = {isa = PBXFileReference; fileEncoding = 4; lastKnownFileType = sourcecode.swift; path = R.generated.swift; sourceTree = "<group>"; };
		9B562E4226EFE0C0005B00D7 /* Font.swift */ = {isa = PBXFileReference; fileEncoding = 4; lastKnownFileType = sourcecode.swift; path = Font.swift; sourceTree = "<group>"; };
		9B562E4426EFE0C0005B00D7 /* SF-Display-Light.ttf */ = {isa = PBXFileReference; lastKnownFileType = file; path = "SF-Display-Light.ttf"; sourceTree = "<group>"; };
		9B562E4526EFE0C0005B00D7 /* SF-Text-RegularItalic.ttf */ = {isa = PBXFileReference; lastKnownFileType = file; path = "SF-Text-RegularItalic.ttf"; sourceTree = "<group>"; };
		9B562E4626EFE0C0005B00D7 /* SF-Text-Bold.ttf */ = {isa = PBXFileReference; lastKnownFileType = file; path = "SF-Text-Bold.ttf"; sourceTree = "<group>"; };
		9B562E4726EFE0C0005B00D7 /* SF-Display-Bold.ttf */ = {isa = PBXFileReference; lastKnownFileType = file; path = "SF-Display-Bold.ttf"; sourceTree = "<group>"; };
		9B562E4826EFE0C0005B00D7 /* SF-Display-Semibold.ttf */ = {isa = PBXFileReference; lastKnownFileType = file; path = "SF-Display-Semibold.ttf"; sourceTree = "<group>"; };
		9B562E4926EFE0C0005B00D7 /* SF-Text-Medium.ttf */ = {isa = PBXFileReference; lastKnownFileType = file; path = "SF-Text-Medium.ttf"; sourceTree = "<group>"; };
		9B562E4A26EFE0C0005B00D7 /* SF-Display-Heavy.ttf */ = {isa = PBXFileReference; lastKnownFileType = file; path = "SF-Display-Heavy.ttf"; sourceTree = "<group>"; };
		9B562E4B26EFE0C0005B00D7 /* SF-Text-BoldItalic.ttf */ = {isa = PBXFileReference; lastKnownFileType = file; path = "SF-Text-BoldItalic.ttf"; sourceTree = "<group>"; };
		9B562E4C26EFE0C1005B00D7 /* SF-Display-Regular.ttf */ = {isa = PBXFileReference; lastKnownFileType = file; path = "SF-Display-Regular.ttf"; sourceTree = "<group>"; };
		9B562E4D26EFE0C1005B00D7 /* SF-Text-Heavy.ttf */ = {isa = PBXFileReference; lastKnownFileType = file; path = "SF-Text-Heavy.ttf"; sourceTree = "<group>"; };
		9B562E4E26EFE0C1005B00D7 /* SF-Display-Medium.ttf */ = {isa = PBXFileReference; lastKnownFileType = file; path = "SF-Display-Medium.ttf"; sourceTree = "<group>"; };
		9B562E4F26EFE0C1005B00D7 /* SF-Text-Semibold.ttf */ = {isa = PBXFileReference; lastKnownFileType = file; path = "SF-Text-Semibold.ttf"; sourceTree = "<group>"; };
		9B562E5026EFE0C1005B00D7 /* SF-Display-Black.ttf */ = {isa = PBXFileReference; lastKnownFileType = file; path = "SF-Display-Black.ttf"; sourceTree = "<group>"; };
		9B562E5126EFE0C1005B00D7 /* SF-Text-Regular.ttf */ = {isa = PBXFileReference; lastKnownFileType = file; path = "SF-Text-Regular.ttf"; sourceTree = "<group>"; };
		9B562E6926EFE2B0005B00D7 /* Colors.swift */ = {isa = PBXFileReference; lastKnownFileType = sourcecode.swift; path = Colors.swift; sourceTree = "<group>"; };
		9B562E6C26EFE39C005B00D7 /* Color+Extension.swift */ = {isa = PBXFileReference; lastKnownFileType = sourcecode.swift; path = "Color+Extension.swift"; sourceTree = "<group>"; };
		9B562E7226EFE911005B00D7 /* NewsTabBarView.swift */ = {isa = PBXFileReference; lastKnownFileType = sourcecode.swift; path = NewsTabBarView.swift; sourceTree = "<group>"; };
		9B562E7426EFEB5E005B00D7 /* OtherNewsViewController.swift */ = {isa = PBXFileReference; lastKnownFileType = sourcecode.swift; path = OtherNewsViewController.swift; sourceTree = "<group>"; };
		9B562E7626EFEBAA005B00D7 /* OtherNewsViewModel.swift */ = {isa = PBXFileReference; lastKnownFileType = sourcecode.swift; path = OtherNewsViewModel.swift; sourceTree = "<group>"; };
		9B562E7826F0811D005B00D7 /* OtherCoordinator.swift */ = {isa = PBXFileReference; lastKnownFileType = sourcecode.swift; path = OtherCoordinator.swift; sourceTree = "<group>"; };
		9B562E7A26F083CA005B00D7 /* BaseNewsViewController.swift */ = {isa = PBXFileReference; lastKnownFileType = sourcecode.swift; path = BaseNewsViewController.swift; sourceTree = "<group>"; };
		9B562E7D26F083F5005B00D7 /* BaseNewsViewModel.swift */ = {isa = PBXFileReference; lastKnownFileType = sourcecode.swift; path = BaseNewsViewModel.swift; sourceTree = "<group>"; };
		9B562E8126F0884B005B00D7 /* BaseNewsTableViewCell.swift */ = {isa = PBXFileReference; lastKnownFileType = sourcecode.swift; path = BaseNewsTableViewCell.swift; sourceTree = "<group>"; };
		9B562E8326F08869005B00D7 /* BaseNewsTableViewCellViewModel.swift */ = {isa = PBXFileReference; lastKnownFileType = sourcecode.swift; path = BaseNewsTableViewCellViewModel.swift; sourceTree = "<group>"; };
		9B562E8A26F08D33005B00D7 /* EverythingNewsViewController.swift */ = {isa = PBXFileReference; lastKnownFileType = sourcecode.swift; path = EverythingNewsViewController.swift; sourceTree = "<group>"; };
		9B562E8C26F08D89005B00D7 /* EverythingNewsViewModel.swift */ = {isa = PBXFileReference; lastKnownFileType = sourcecode.swift; path = EverythingNewsViewModel.swift; sourceTree = "<group>"; };
		9B562E8E26F08DDD005B00D7 /* EverythingNewsTableProvider.swift */ = {isa = PBXFileReference; lastKnownFileType = sourcecode.swift; path = EverythingNewsTableProvider.swift; sourceTree = "<group>"; };
		9B562E9226F09022005B00D7 /* EverythingNewsCell.swift */ = {isa = PBXFileReference; lastKnownFileType = sourcecode.swift; path = EverythingNewsCell.swift; sourceTree = "<group>"; };
		9B562E9426F0905A005B00D7 /* EverythingNewsCellViewModel.swift */ = {isa = PBXFileReference; lastKnownFileType = sourcecode.swift; path = EverythingNewsCellViewModel.swift; sourceTree = "<group>"; };
		9B562E9626F091AF005B00D7 /* SourcesNewsViewController.swift */ = {isa = PBXFileReference; lastKnownFileType = sourcecode.swift; path = SourcesNewsViewController.swift; sourceTree = "<group>"; };
		9B562E9926F091D1005B00D7 /* SourcesNewsViewModel.swift */ = {isa = PBXFileReference; lastKnownFileType = sourcecode.swift; path = SourcesNewsViewModel.swift; sourceTree = "<group>"; };
		9B562E9B26F091DE005B00D7 /* SourcesNewsCell.swift */ = {isa = PBXFileReference; lastKnownFileType = sourcecode.swift; path = SourcesNewsCell.swift; sourceTree = "<group>"; };
		9B562E9D26F091F7005B00D7 /* SourcesNewsCellViewModel.swift */ = {isa = PBXFileReference; lastKnownFileType = sourcecode.swift; path = SourcesNewsCellViewModel.swift; sourceTree = "<group>"; };
		9B562E9F26F0922C005B00D7 /* SourceTableProvider.swift */ = {isa = PBXFileReference; lastKnownFileType = sourcecode.swift; path = SourceTableProvider.swift; sourceTree = "<group>"; };
		9BDE620926D4031B00876C80 /* News.app */ = {isa = PBXFileReference; explicitFileType = wrapper.application; includeInIndex = 0; path = News.app; sourceTree = BUILT_PRODUCTS_DIR; };
		9BDE620C26D4031B00876C80 /* AppDelegate.swift */ = {isa = PBXFileReference; lastKnownFileType = sourcecode.swift; path = AppDelegate.swift; sourceTree = "<group>"; };
		9BDE621626D4031B00876C80 /* News.xcdatamodel */ = {isa = PBXFileReference; lastKnownFileType = wrapper.xcdatamodel; path = News.xcdatamodel; sourceTree = "<group>"; };
		9BDE621826D4031E00876C80 /* Assets.xcassets */ = {isa = PBXFileReference; lastKnownFileType = folder.assetcatalog; path = Assets.xcassets; sourceTree = "<group>"; };
		9BDE621B26D4031E00876C80 /* Base */ = {isa = PBXFileReference; lastKnownFileType = file.storyboard; name = Base; path = Base.lproj/LaunchScreen.storyboard; sourceTree = "<group>"; };
		9BDE621D26D4031E00876C80 /* Info.plist */ = {isa = PBXFileReference; lastKnownFileType = text.plist.xml; path = Info.plist; sourceTree = "<group>"; };
		9BDE622B26D404BA00876C80 /* GlobalClosures.swift */ = {isa = PBXFileReference; lastKnownFileType = sourcecode.swift; path = GlobalClosures.swift; sourceTree = "<group>"; };
		9BDE622D26D404ED00876C80 /* Applyable.swift */ = {isa = PBXFileReference; lastKnownFileType = sourcecode.swift; path = Applyable.swift; sourceTree = "<group>"; };
		9BDE623026D4055500876C80 /* Coordinator.swift */ = {isa = PBXFileReference; lastKnownFileType = sourcecode.swift; path = Coordinator.swift; sourceTree = "<group>"; };
		9BDE623226D4057B00876C80 /* AppCoordinatorContent.swift */ = {isa = PBXFileReference; lastKnownFileType = sourcecode.swift; path = AppCoordinatorContent.swift; sourceTree = "<group>"; };
		9BDE623426D405CD00876C80 /* AppCoordinatorViewModel.swift */ = {isa = PBXFileReference; lastKnownFileType = sourcecode.swift; path = AppCoordinatorViewModel.swift; sourceTree = "<group>"; };
		9BDE623826D4061500876C80 /* AppCoordinator.swift */ = {isa = PBXFileReference; lastKnownFileType = sourcecode.swift; path = AppCoordinator.swift; sourceTree = "<group>"; };
		9BDE623B26D4065400876C80 /* BaseFlowViewModel.swift */ = {isa = PBXFileReference; lastKnownFileType = sourcecode.swift; path = BaseFlowViewModel.swift; sourceTree = "<group>"; };
		9BDE623E26D4069A00876C80 /* CurrentCoordinator.swift */ = {isa = PBXFileReference; lastKnownFileType = sourcecode.swift; path = CurrentCoordinator.swift; sourceTree = "<group>"; };
		9BDE624126D406F700876C80 /* NewsListViewController.swift */ = {isa = PBXFileReference; lastKnownFileType = sourcecode.swift; path = NewsListViewController.swift; sourceTree = "<group>"; };
		9BDE624426D4075400876C80 /* BaseNavigationController.swift */ = {isa = PBXFileReference; lastKnownFileType = sourcecode.swift; path = BaseNavigationController.swift; sourceTree = "<group>"; };
		9BDE624626D407B700876C80 /* BaseViewController.swift */ = {isa = PBXFileReference; lastKnownFileType = sourcecode.swift; path = BaseViewController.swift; sourceTree = "<group>"; };
		9BDE624826D428FE00876C80 /* NewsListViewModel.swift */ = {isa = PBXFileReference; lastKnownFileType = sourcecode.swift; path = NewsListViewModel.swift; sourceTree = "<group>"; };
		9BDE624D26D4394100876C80 /* NewsTableViewCell.swift */ = {isa = PBXFileReference; lastKnownFileType = sourcecode.swift; path = NewsTableViewCell.swift; sourceTree = "<group>"; };
		9BDE624F26D439F700876C80 /* NewsCellViewModel.swift */ = {isa = PBXFileReference; lastKnownFileType = sourcecode.swift; path = NewsCellViewModel.swift; sourceTree = "<group>"; };
		9BDE625626D4409D00876C80 /* TableViewProvider.swift */ = {isa = PBXFileReference; lastKnownFileType = sourcecode.swift; path = TableViewProvider.swift; sourceTree = "<group>"; };
		9BDE625826D440C900876C80 /* NewsTableProvider.swift */ = {isa = PBXFileReference; lastKnownFileType = sourcecode.swift; path = NewsTableProvider.swift; sourceTree = "<group>"; };
		9BDE625B26D4439C00876C80 /* NewsAPI.swift */ = {isa = PBXFileReference; lastKnownFileType = sourcecode.swift; path = NewsAPI.swift; sourceTree = "<group>"; };
		9BDE625E26D4449F00876C80 /* NetworkService.swift */ = {isa = PBXFileReference; lastKnownFileType = sourcecode.swift; path = NetworkService.swift; sourceTree = "<group>"; };
		9BDE626126D446AF00876C80 /* NewsResponse.swift */ = {isa = PBXFileReference; lastKnownFileType = sourcecode.swift; path = NewsResponse.swift; sourceTree = "<group>"; };
		D57CFF2EB5EB18ECD588AD91 /* Pods-News.release.xcconfig */ = {isa = PBXFileReference; includeInIndex = 1; lastKnownFileType = text.xcconfig; name = "Pods-News.release.xcconfig"; path = "Target Support Files/Pods-News/Pods-News.release.xcconfig"; sourceTree = "<group>"; };
/* End PBXFileReference section */

/* Begin PBXFrameworksBuildPhase section */
		9BDE620626D4031B00876C80 /* Frameworks */ = {
			isa = PBXFrameworksBuildPhase;
			buildActionMask = 2147483647;
			files = (
				D7930F04B654A11EAEA25282 /* libPods-News.a in Frameworks */,
			);
			runOnlyForDeploymentPostprocessing = 0;
		};
/* End PBXFrameworksBuildPhase section */

/* Begin PBXGroup section */
		12F605709F5BB7E0D54473A0 /* Pods */ = {
			isa = PBXGroup;
			children = (
				33F3374AA1D2CC7B8238BFD0 /* Pods-News.debug.xcconfig */,
				D57CFF2EB5EB18ECD588AD91 /* Pods-News.release.xcconfig */,
			);
			path = Pods;
			sourceTree = "<group>";
		};
		8941043EF108EBE2B9F52AEC /* Frameworks */ = {
			isa = PBXGroup;
			children = (
				783CFAC5C2CEB218C5CB7E51 /* libPods-News.a */,
			);
			name = Frameworks;
			sourceTree = "<group>";
		};
		9B562E2326EF3C50005B00D7 /* Extensions */ = {
			isa = PBXGroup;
			children = (
				9B562E6B26EFE381005B00D7 /* UIKit */,
				9B562E2426EF3C56005B00D7 /* Kingfisher */,
			);
			path = Extensions;
			sourceTree = "<group>";
		};
		9B562E2426EF3C56005B00D7 /* Kingfisher */ = {
			isa = PBXGroup;
			children = (
				9B562E2526EF3C70005B00D7 /* Kingfisher+Extension.swift */,
			);
			path = Kingfisher;
			sourceTree = "<group>";
		};
		9B562E2726EF42F1005B00D7 /* NewsDetail */ = {
			isa = PBXGroup;
			children = (
				9B562E2826EF430B005B00D7 /* NewsDetailViewController.swift */,
				9B562E2A26EF4383005B00D7 /* NewsDetailViewModel.swift */,
			);
			path = NewsDetail;
			sourceTree = "<group>";
		};
		9B562E3226EFA0BF005B00D7 /* News */ = {
			isa = PBXGroup;
			children = (
				9BDE626126D446AF00876C80 /* NewsResponse.swift */,
				9B562E3026EFA0A8005B00D7 /* Article.swift */,
			);
			path = News;
			sourceTree = "<group>";
		};
		9B562E3326EFDDF7005B00D7 /* Autogeneration */ = {
			isa = PBXGroup;
			children = (
				9B562E3526EFDEEC005B00D7 /* R.generated.swift */,
			);
			path = Autogeneration;
			sourceTree = "<group>";
		};
		9B562E3726EFE029005B00D7 /* Fonts */ = {
			isa = PBXGroup;
			children = (
				9B562E4326EFE0C0005B00D7 /* SF */,
				9B562E4226EFE0C0005B00D7 /* Font.swift */,
			);
			path = Fonts;
			sourceTree = "<group>";
		};
		9B562E3826EFE036005B00D7 /* Colors */ = {
			isa = PBXGroup;
			children = (
				9B562E6926EFE2B0005B00D7 /* Colors.swift */,
			);
			path = Colors;
			sourceTree = "<group>";
		};
		9B562E4326EFE0C0005B00D7 /* SF */ = {
			isa = PBXGroup;
			children = (
				9B562E4426EFE0C0005B00D7 /* SF-Display-Light.ttf */,
				9B562E4526EFE0C0005B00D7 /* SF-Text-RegularItalic.ttf */,
				9B562E4626EFE0C0005B00D7 /* SF-Text-Bold.ttf */,
				9B562E4726EFE0C0005B00D7 /* SF-Display-Bold.ttf */,
				9B562E4826EFE0C0005B00D7 /* SF-Display-Semibold.ttf */,
				9B562E4926EFE0C0005B00D7 /* SF-Text-Medium.ttf */,
				9B562E4A26EFE0C0005B00D7 /* SF-Display-Heavy.ttf */,
				9B562E4B26EFE0C0005B00D7 /* SF-Text-BoldItalic.ttf */,
				9B562E4C26EFE0C1005B00D7 /* SF-Display-Regular.ttf */,
				9B562E4D26EFE0C1005B00D7 /* SF-Text-Heavy.ttf */,
				9B562E4E26EFE0C1005B00D7 /* SF-Display-Medium.ttf */,
				9B562E4F26EFE0C1005B00D7 /* SF-Text-Semibold.ttf */,
				9B562E5026EFE0C1005B00D7 /* SF-Display-Black.ttf */,
				9B562E5126EFE0C1005B00D7 /* SF-Text-Regular.ttf */,
			);
			path = SF;
			sourceTree = "<group>";
		};
		9B562E6B26EFE381005B00D7 /* UIKit */ = {
			isa = PBXGroup;
			children = (
				9B562E6C26EFE39C005B00D7 /* Color+Extension.swift */,
			);
			path = UIKit;
			sourceTree = "<group>";
		};
		9B562E6F26EFE8B8005B00D7 /* OtherNews */ = {
			isa = PBXGroup;
			children = (
				9B562E7026EFE8E6005B00D7 /* Components */,
				9B562E7426EFEB5E005B00D7 /* OtherNewsViewController.swift */,
				9B562E7626EFEBAA005B00D7 /* OtherNewsViewModel.swift */,
			);
			path = OtherNews;
			sourceTree = "<group>";
		};
		9B562E7026EFE8E6005B00D7 /* Components */ = {
			isa = PBXGroup;
			children = (
				9B562E7126EFE8EE005B00D7 /* Views */,
			);
			path = Components;
			sourceTree = "<group>";
		};
		9B562E7126EFE8EE005B00D7 /* Views */ = {
			isa = PBXGroup;
			children = (
				9B562E7226EFE911005B00D7 /* NewsTabBarView.swift */,
			);
			path = Views;
			sourceTree = "<group>";
		};
		9B562E7C26F083E2005B00D7 /* Base */ = {
			isa = PBXGroup;
			children = (
				9B562E7F26F08822005B00D7 /* Components */,
				9B562E7A26F083CA005B00D7 /* BaseNewsViewController.swift */,
				9B562E7D26F083F5005B00D7 /* BaseNewsViewModel.swift */,
			);
			path = Base;
			sourceTree = "<group>";
		};
		9B562E7F26F08822005B00D7 /* Components */ = {
			isa = PBXGroup;
			children = (
				9B562E8026F08837005B00D7 /* Cells */,
			);
			path = Components;
			sourceTree = "<group>";
		};
		9B562E8026F08837005B00D7 /* Cells */ = {
			isa = PBXGroup;
			children = (
				9B562E8126F0884B005B00D7 /* BaseNewsTableViewCell.swift */,
				9B562E8326F08869005B00D7 /* BaseNewsTableViewCellViewModel.swift */,
			);
			path = Cells;
			sourceTree = "<group>";
		};
		9B562E8526F089B7005B00D7 /* EverythingNews */ = {
			isa = PBXGroup;
			children = (
				9B562E9026F08FE6005B00D7 /* Components */,
				9B562E8A26F08D33005B00D7 /* EverythingNewsViewController.swift */,
				9B562E8C26F08D89005B00D7 /* EverythingNewsViewModel.swift */,
				9B562E8E26F08DDD005B00D7 /* EverythingNewsTableProvider.swift */,
			);
			path = EverythingNews;
			sourceTree = "<group>";
		};
		9B562E8626F089DE005B00D7 /* SourcesNews */ = {
			isa = PBXGroup;
			children = (
				9B562E9826F091BF005B00D7 /* Components */,
				9B562E9626F091AF005B00D7 /* SourcesNewsViewController.swift */,
				9B562E9926F091D1005B00D7 /* SourcesNewsViewModel.swift */,
				9B562E9F26F0922C005B00D7 /* SourceTableProvider.swift */,
			);
			path = SourcesNews;
			sourceTree = "<group>";
		};
		9B562E8726F08C4C005B00D7 /* Services */ = {
			isa = PBXGroup;
			children = (
				9BDE625D26D4446A00876C80 /* NetworkService */,
			);
			path = Services;
			sourceTree = "<group>";
		};
		9B562E8826F08C6F005B00D7 /* Collections */ = {
			isa = PBXGroup;
			children = (
				9BDE625626D4409D00876C80 /* TableViewProvider.swift */,
			);
			path = Collections;
			sourceTree = "<group>";
		};
		9B562E8926F08C78005B00D7 /* Network */ = {
			isa = PBXGroup;
			children = (
				9BDE625B26D4439C00876C80 /* NewsAPI.swift */,
			);
			path = Network;
			sourceTree = "<group>";
		};
		9B562E9026F08FE6005B00D7 /* Components */ = {
			isa = PBXGroup;
			children = (
				9B562E9126F08FEC005B00D7 /* Cells */,
			);
			path = Components;
			sourceTree = "<group>";
		};
		9B562E9126F08FEC005B00D7 /* Cells */ = {
			isa = PBXGroup;
			children = (
				9B562E9226F09022005B00D7 /* EverythingNewsCell.swift */,
				9B562E9426F0905A005B00D7 /* EverythingNewsCellViewModel.swift */,
			);
			path = Cells;
			sourceTree = "<group>";
		};
		9B562E9826F091BF005B00D7 /* Components */ = {
			isa = PBXGroup;
			children = (
				9B562E9B26F091DE005B00D7 /* SourcesNewsCell.swift */,
				9B562E9D26F091F7005B00D7 /* SourcesNewsCellViewModel.swift */,
			);
			path = Components;
			sourceTree = "<group>";
		};
		9BDE620026D4031B00876C80 = {
			isa = PBXGroup;
			children = (
				9BDE620B26D4031B00876C80 /* News */,
				9BDE625426D4408400876C80 /* Utils */,
				9BDE620A26D4031B00876C80 /* Products */,
				12F605709F5BB7E0D54473A0 /* Pods */,
				8941043EF108EBE2B9F52AEC /* Frameworks */,
			);
			sourceTree = "<group>";
		};
		9BDE620A26D4031B00876C80 /* Products */ = {
			isa = PBXGroup;
			children = (
				9BDE620926D4031B00876C80 /* News.app */,
			);
			name = Products;
			sourceTree = "<group>";
		};
		9BDE620B26D4031B00876C80 /* News */ = {
			isa = PBXGroup;
			children = (
				9BDE622326D4032500876C80 /* Application */,
				9BDE622626D4036400876C80 /* DataLayer */,
				9BDE622526D4033B00876C80 /* BusinessLayer */,
				9BDE622426D4033000876C80 /* PresentationLayer */,
			);
			path = News;
			sourceTree = "<group>";
		};
		9BDE622326D4032500876C80 /* Application */ = {
			isa = PBXGroup;
			children = (
				9BDE622726D403A600876C80 /* Support */,
				9BDE622826D403D600876C80 /* Resources */,
				9B562E3326EFDDF7005B00D7 /* Autogeneration */,
				9BDE622A26D404A500876C80 /* Global */,
				9BDE622F26D4053400876C80 /* Coordinator */,
			);
			path = Application;
			sourceTree = "<group>";
		};
		9BDE622426D4033000876C80 /* PresentationLayer */ = {
			isa = PBXGroup;
			children = (
				9BDE624326D4074500876C80 /* Base */,
				9BDE625126D43CE100876C80 /* MainStack */,
				9BDE622926D4044900876C80 /* Storyboards */,
			);
			path = PresentationLayer;
			sourceTree = "<group>";
		};
		9BDE622526D4033B00876C80 /* BusinessLayer */ = {
			isa = PBXGroup;
			children = (
				9B562E8726F08C4C005B00D7 /* Services */,
				9BDE625526D4408C00876C80 /* Providers */,
			);
			path = BusinessLayer;
			sourceTree = "<group>";
		};
		9BDE622626D4036400876C80 /* DataLayer */ = {
			isa = PBXGroup;
			children = (
				9BDE625A26D4435800876C80 /* Network */,
				9BDE621526D4031B00876C80 /* News.xcdatamodeld */,
			);
			path = DataLayer;
			sourceTree = "<group>";
		};
		9BDE622726D403A600876C80 /* Support */ = {
			isa = PBXGroup;
			children = (
				9BDE620C26D4031B00876C80 /* AppDelegate.swift */,
				9BDE621D26D4031E00876C80 /* Info.plist */,
			);
			path = Support;
			sourceTree = "<group>";
		};
		9BDE622826D403D600876C80 /* Resources */ = {
			isa = PBXGroup;
			children = (
				9B562E3826EFE036005B00D7 /* Colors */,
				9B562E3726EFE029005B00D7 /* Fonts */,
				9BDE621826D4031E00876C80 /* Assets.xcassets */,
			);
			path = Resources;
			sourceTree = "<group>";
		};
		9BDE622926D4044900876C80 /* Storyboards */ = {
			isa = PBXGroup;
			children = (
				9BDE621A26D4031E00876C80 /* LaunchScreen.storyboard */,
			);
			path = Storyboards;
			sourceTree = "<group>";
		};
		9BDE622A26D404A500876C80 /* Global */ = {
			isa = PBXGroup;
			children = (
				9BDE622B26D404BA00876C80 /* GlobalClosures.swift */,
				9BDE622D26D404ED00876C80 /* Applyable.swift */,
			);
			path = Global;
			sourceTree = "<group>";
		};
		9BDE622F26D4053400876C80 /* Coordinator */ = {
			isa = PBXGroup;
			children = (
				9BDE623026D4055500876C80 /* Coordinator.swift */,
				9BDE623226D4057B00876C80 /* AppCoordinatorContent.swift */,
				9BDE623426D405CD00876C80 /* AppCoordinatorViewModel.swift */,
				9BDE623826D4061500876C80 /* AppCoordinator.swift */,
				9BDE623A26D4064600876C80 /* Base */,
				9BDE623D26D4067500876C80 /* Main */,
			);
			path = Coordinator;
			sourceTree = "<group>";
		};
		9BDE623A26D4064600876C80 /* Base */ = {
			isa = PBXGroup;
			children = (
				9BDE623B26D4065400876C80 /* BaseFlowViewModel.swift */,
			);
			path = Base;
			sourceTree = "<group>";
		};
		9BDE623D26D4067500876C80 /* Main */ = {
			isa = PBXGroup;
			children = (
				9B562E2E26EF9D7E005B00D7 /* MainTabCoordinator.swift */,
				9BDE623E26D4069A00876C80 /* CurrentCoordinator.swift */,
				9B562E7826F0811D005B00D7 /* OtherCoordinator.swift */,
			);
			path = Main;
			sourceTree = "<group>";
		};
		9BDE624026D406E700876C80 /* NewsList */ = {
			isa = PBXGroup;
			children = (
				9BDE624A26D4383800876C80 /* Components */,
				9BDE624126D406F700876C80 /* NewsListViewController.swift */,
				9BDE624826D428FE00876C80 /* NewsListViewModel.swift */,
				9BDE625826D440C900876C80 /* NewsTableProvider.swift */,
			);
			path = NewsList;
			sourceTree = "<group>";
		};
		9BDE624326D4074500876C80 /* Base */ = {
			isa = PBXGroup;
			children = (
				9BDE624426D4075400876C80 /* BaseNavigationController.swift */,
				9BDE624626D407B700876C80 /* BaseViewController.swift */,
			);
			path = Base;
			sourceTree = "<group>";
		};
		9BDE624A26D4383800876C80 /* Components */ = {
			isa = PBXGroup;
			children = (
				9BDE624B26D4384500876C80 /* Cells */,
			);
			path = Components;
			sourceTree = "<group>";
		};
		9BDE624B26D4384500876C80 /* Cells */ = {
			isa = PBXGroup;
			children = (
				9BDE624D26D4394100876C80 /* NewsTableViewCell.swift */,
				9BDE624F26D439F700876C80 /* NewsCellViewModel.swift */,
			);
			path = Cells;
			sourceTree = "<group>";
		};
		9BDE625126D43CE100876C80 /* MainStack */ = {
			isa = PBXGroup;
			children = (
				9B562E2C26EF9BB5005B00D7 /* MainTabBarController.swift */,
				9B562E7C26F083E2005B00D7 /* Base */,
				9BDE624026D406E700876C80 /* NewsList */,
				9B562E6F26EFE8B8005B00D7 /* OtherNews */,
				9B562E8526F089B7005B00D7 /* EverythingNews */,
				9B562E8626F089DE005B00D7 /* SourcesNews */,
				9B562E2726EF42F1005B00D7 /* NewsDetail */,
			);
			path = MainStack;
			sourceTree = "<group>";
		};
		9BDE625426D4408400876C80 /* Utils */ = {
			isa = PBXGroup;
			children = (
				9B562E2326EF3C50005B00D7 /* Extensions */,
			);
			path = Utils;
			sourceTree = "<group>";
		};
		9BDE625526D4408C00876C80 /* Providers */ = {
			isa = PBXGroup;
			children = (
				9B562E8926F08C78005B00D7 /* Network */,
				9B562E8826F08C6F005B00D7 /* Collections */,
			);
			path = Providers;
			sourceTree = "<group>";
		};
		9BDE625A26D4435800876C80 /* Network */ = {
			isa = PBXGroup;
			children = (
				9BDE626026D4468400876C80 /* Models */,
			);
			path = Network;
			sourceTree = "<group>";
		};
		9BDE625D26D4446A00876C80 /* NetworkService */ = {
			isa = PBXGroup;
			children = (
				9BDE625E26D4449F00876C80 /* NetworkService.swift */,
			);
			path = NetworkService;
			sourceTree = "<group>";
		};
		9BDE626026D4468400876C80 /* Models */ = {
			isa = PBXGroup;
			children = (
				9B562E3226EFA0BF005B00D7 /* News */,
			);
			path = Models;
			sourceTree = "<group>";
		};
/* End PBXGroup section */

/* Begin PBXNativeTarget section */
		9BDE620826D4031B00876C80 /* News */ = {
			isa = PBXNativeTarget;
			buildConfigurationList = 9BDE622026D4031E00876C80 /* Build configuration list for PBXNativeTarget "News" */;
			buildPhases = (
				9B562E3426EFDE11005B00D7 /* Rswift */,
				D3D482099575C038595B6086 /* [CP] Check Pods Manifest.lock */,
				9BDE620526D4031B00876C80 /* Sources */,
				9BDE620626D4031B00876C80 /* Frameworks */,
				9BDE620726D4031B00876C80 /* Resources */,
				7CB4BD4518A6349A901C0E35 /* [CP] Copy Pods Resources */,
			);
			buildRules = (
			);
			dependencies = (
			);
			name = News;
			productName = News;
			productReference = 9BDE620926D4031B00876C80 /* News.app */;
			productType = "com.apple.product-type.application";
		};
/* End PBXNativeTarget section */

/* Begin PBXProject section */
		9BDE620126D4031B00876C80 /* Project object */ = {
			isa = PBXProject;
			attributes = {
				LastSwiftUpdateCheck = 1250;
				LastUpgradeCheck = 1250;
				TargetAttributes = {
					9BDE620826D4031B00876C80 = {
						CreatedOnToolsVersion = 12.5.1;
					};
				};
			};
			buildConfigurationList = 9BDE620426D4031B00876C80 /* Build configuration list for PBXProject "News" */;
			compatibilityVersion = "Xcode 9.3";
			developmentRegion = en;
			hasScannedForEncodings = 0;
			knownRegions = (
				en,
				Base,
			);
			mainGroup = 9BDE620026D4031B00876C80;
			productRefGroup = 9BDE620A26D4031B00876C80 /* Products */;
			projectDirPath = "";
			projectRoot = "";
			targets = (
				9BDE620826D4031B00876C80 /* News */,
			);
		};
/* End PBXProject section */

/* Begin PBXResourcesBuildPhase section */
		9BDE620726D4031B00876C80 /* Resources */ = {
			isa = PBXResourcesBuildPhase;
			buildActionMask = 2147483647;
			files = (
				9B562E6526EFE0C1005B00D7 /* SF-Display-Medium.ttf in Resources */,
				9B562E6826EFE0C1005B00D7 /* SF-Text-Regular.ttf in Resources */,
				9B562E6326EFE0C1005B00D7 /* SF-Display-Regular.ttf in Resources */,
				9B562E5C26EFE0C1005B00D7 /* SF-Text-RegularItalic.ttf in Resources */,
				9B562E6126EFE0C1005B00D7 /* SF-Display-Heavy.ttf in Resources */,
				9BDE621C26D4031E00876C80 /* LaunchScreen.storyboard in Resources */,
				9B562E6426EFE0C1005B00D7 /* SF-Text-Heavy.ttf in Resources */,
				9B562E5B26EFE0C1005B00D7 /* SF-Display-Light.ttf in Resources */,
				9BDE621926D4031E00876C80 /* Assets.xcassets in Resources */,
				9B562E6026EFE0C1005B00D7 /* SF-Text-Medium.ttf in Resources */,
				9B562E6726EFE0C1005B00D7 /* SF-Display-Black.ttf in Resources */,
				9B562E6226EFE0C1005B00D7 /* SF-Text-BoldItalic.ttf in Resources */,
				9B562E5E26EFE0C1005B00D7 /* SF-Display-Bold.ttf in Resources */,
				9B562E5D26EFE0C1005B00D7 /* SF-Text-Bold.ttf in Resources */,
				9B562E6626EFE0C1005B00D7 /* SF-Text-Semibold.ttf in Resources */,
				9B562E5F26EFE0C1005B00D7 /* SF-Display-Semibold.ttf in Resources */,
			);
			runOnlyForDeploymentPostprocessing = 0;
		};
/* End PBXResourcesBuildPhase section */

/* Begin PBXShellScriptBuildPhase section */
		7CB4BD4518A6349A901C0E35 /* [CP] Copy Pods Resources */ = {
			isa = PBXShellScriptBuildPhase;
			buildActionMask = 2147483647;
			files = (
			);
			inputFileListPaths = (
				"${PODS_ROOT}/Target Support Files/Pods-News/Pods-News-resources-${CONFIGURATION}-input-files.xcfilelist",
			);
			name = "[CP] Copy Pods Resources";
			outputFileListPaths = (
				"${PODS_ROOT}/Target Support Files/Pods-News/Pods-News-resources-${CONFIGURATION}-output-files.xcfilelist",
			);
			runOnlyForDeploymentPostprocessing = 0;
			shellPath = /bin/sh;
			shellScript = "\"${PODS_ROOT}/Target Support Files/Pods-News/Pods-News-resources.sh\"\n";
			showEnvVarsInLog = 0;
		};
		9B562E3426EFDE11005B00D7 /* Rswift */ = {
			isa = PBXShellScriptBuildPhase;
			buildActionMask = 2147483647;
			files = (
			);
			inputFileListPaths = (
			);
			inputPaths = (
				"$TEMP_DIR/rswift-lastrun",
			);
			name = Rswift;
			outputFileListPaths = (
			);
			outputPaths = (
				$SRCROOT/News/Application/Autogeneration/R.generated.swift,
			);
			runOnlyForDeploymentPostprocessing = 0;
			shellPath = /bin/sh;
			shellScript = "# Type a script or drag a script file from your workspace to insert its path.\n\"$PODS_ROOT/R.swift/rswift\" generate \"$SRCROOT/News/Application/Autogeneration/R.generated.swift\"\n";
		};
		D3D482099575C038595B6086 /* [CP] Check Pods Manifest.lock */ = {
			isa = PBXShellScriptBuildPhase;
			buildActionMask = 2147483647;
			files = (
			);
			inputFileListPaths = (
			);
			inputPaths = (
				"${PODS_PODFILE_DIR_PATH}/Podfile.lock",
				"${PODS_ROOT}/Manifest.lock",
			);
			name = "[CP] Check Pods Manifest.lock";
			outputFileListPaths = (
			);
			outputPaths = (
				"$(DERIVED_FILE_DIR)/Pods-News-checkManifestLockResult.txt",
			);
			runOnlyForDeploymentPostprocessing = 0;
			shellPath = /bin/sh;
			shellScript = "diff \"${PODS_PODFILE_DIR_PATH}/Podfile.lock\" \"${PODS_ROOT}/Manifest.lock\" > /dev/null\nif [ $? != 0 ] ; then\n    # print error to STDERR\n    echo \"error: The sandbox is not in sync with the Podfile.lock. Run 'pod install' or update your CocoaPods installation.\" >&2\n    exit 1\nfi\n# This output is used by Xcode 'outputs' to avoid re-running this script phase.\necho \"SUCCESS\" > \"${SCRIPT_OUTPUT_FILE_0}\"\n";
			showEnvVarsInLog = 0;
		};
/* End PBXShellScriptBuildPhase section */

/* Begin PBXSourcesBuildPhase section */
		9BDE620526D4031B00876C80 /* Sources */ = {
			isa = PBXSourcesBuildPhase;
			buildActionMask = 2147483647;
			files = (
				9B562E2B26EF4383005B00D7 /* NewsDetailViewModel.swift in Sources */,
				9B562E6A26EFE2B0005B00D7 /* Colors.swift in Sources */,
				9B562EA026F0922C005B00D7 /* SourceTableProvider.swift in Sources */,
				9BDE624526D4075400876C80 /* BaseNavigationController.swift in Sources */,
				9B562E7926F0811D005B00D7 /* OtherCoordinator.swift in Sources */,
				9B562E2D26EF9BB5005B00D7 /* MainTabBarController.swift in Sources */,
				9BDE622E26D404ED00876C80 /* Applyable.swift in Sources */,
				9B562E8B26F08D33005B00D7 /* EverythingNewsViewController.swift in Sources */,
				9B562E7B26F083CA005B00D7 /* BaseNewsViewController.swift in Sources */,
				9BDE624E26D4394100876C80 /* NewsTableViewCell.swift in Sources */,
				9BDE625726D4409D00876C80 /* TableViewProvider.swift in Sources */,
				9B562E9526F0905A005B00D7 /* EverythingNewsCellViewModel.swift in Sources */,
				9BDE624926D428FE00876C80 /* NewsListViewModel.swift in Sources */,
				9BDE623C26D4065400876C80 /* BaseFlowViewModel.swift in Sources */,
				9B562E5A26EFE0C1005B00D7 /* Font.swift in Sources */,
				9BDE625C26D4439C00876C80 /* NewsAPI.swift in Sources */,
				9BDE622C26D404BA00876C80 /* GlobalClosures.swift in Sources */,
				9B562E8F26F08DDE005B00D7 /* EverythingNewsTableProvider.swift in Sources */,
				9BDE624226D406F700876C80 /* NewsListViewController.swift in Sources */,
				9B562E2F26EF9D7E005B00D7 /* MainTabCoordinator.swift in Sources */,
				9BDE624726D407B700876C80 /* BaseViewController.swift in Sources */,
				9B562E3126EFA0A8005B00D7 /* Article.swift in Sources */,
				9BDE623126D4055500876C80 /* Coordinator.swift in Sources */,
				9B562E9E26F091F7005B00D7 /* SourcesNewsCellViewModel.swift in Sources */,
				9B562E3626EFDEED005B00D7 /* R.generated.swift in Sources */,
				9BDE620D26D4031B00876C80 /* AppDelegate.swift in Sources */,
				9B562E7326EFE911005B00D7 /* NewsTabBarView.swift in Sources */,
				9B562E9726F091AF005B00D7 /* SourcesNewsViewController.swift in Sources */,
				9BDE625F26D4449F00876C80 /* NetworkService.swift in Sources */,
				9BDE623F26D4069A00876C80 /* CurrentCoordinator.swift in Sources */,
				9B562E7E26F083F5005B00D7 /* BaseNewsViewModel.swift in Sources */,
				9B562E2926EF430B005B00D7 /* NewsDetailViewController.swift in Sources */,
				9B562E8426F08869005B00D7 /* BaseNewsTableViewCellViewModel.swift in Sources */,
				9BDE626226D446AF00876C80 /* NewsResponse.swift in Sources */,
				9B562E7726EFEBAA005B00D7 /* OtherNewsViewModel.swift in Sources */,
				9B562E6D26EFE39C005B00D7 /* Color+Extension.swift in Sources */,
				9B562E2626EF3C70005B00D7 /* Kingfisher+Extension.swift in Sources */,
				9BDE625026D439F700876C80 /* NewsCellViewModel.swift in Sources */,
				9B562E9A26F091D1005B00D7 /* SourcesNewsViewModel.swift in Sources */,
				9B562E8D26F08D89005B00D7 /* EverythingNewsViewModel.swift in Sources */,
				9B562E9C26F091DE005B00D7 /* SourcesNewsCell.swift in Sources */,
				9BDE623526D405CD00876C80 /* AppCoordinatorViewModel.swift in Sources */,
				9BDE623926D4061500876C80 /* AppCoordinator.swift in Sources */,
				9BDE623326D4057B00876C80 /* AppCoordinatorContent.swift in Sources */,
				9B562E7526EFEB5E005B00D7 /* OtherNewsViewController.swift in Sources */,
				9B562E9326F09022005B00D7 /* EverythingNewsCell.swift in Sources */,
				9BDE621726D4031B00876C80 /* News.xcdatamodeld in Sources */,
				9BDE625926D440C900876C80 /* NewsTableProvider.swift in Sources */,
				9B562E8226F0884B005B00D7 /* BaseNewsTableViewCell.swift in Sources */,
			);
			runOnlyForDeploymentPostprocessing = 0;
		};
/* End PBXSourcesBuildPhase section */

/* Begin PBXVariantGroup section */
		9BDE621A26D4031E00876C80 /* LaunchScreen.storyboard */ = {
			isa = PBXVariantGroup;
			children = (
				9BDE621B26D4031E00876C80 /* Base */,
			);
			name = LaunchScreen.storyboard;
			sourceTree = "<group>";
		};
/* End PBXVariantGroup section */

/* Begin XCBuildConfiguration section */
		9BDE621E26D4031E00876C80 /* Debug */ = {
			isa = XCBuildConfiguration;
			buildSettings = {
				ALWAYS_SEARCH_USER_PATHS = NO;
				CLANG_ANALYZER_NONNULL = YES;
				CLANG_ANALYZER_NUMBER_OBJECT_CONVERSION = YES_AGGRESSIVE;
				CLANG_CXX_LANGUAGE_STANDARD = "gnu++14";
				CLANG_CXX_LIBRARY = "libc++";
				CLANG_ENABLE_MODULES = YES;
				CLANG_ENABLE_OBJC_ARC = YES;
				CLANG_ENABLE_OBJC_WEAK = YES;
				CLANG_WARN_BLOCK_CAPTURE_AUTORELEASING = YES;
				CLANG_WARN_BOOL_CONVERSION = YES;
				CLANG_WARN_COMMA = YES;
				CLANG_WARN_CONSTANT_CONVERSION = YES;
				CLANG_WARN_DEPRECATED_OBJC_IMPLEMENTATIONS = YES;
				CLANG_WARN_DIRECT_OBJC_ISA_USAGE = YES_ERROR;
				CLANG_WARN_DOCUMENTATION_COMMENTS = YES;
				CLANG_WARN_EMPTY_BODY = YES;
				CLANG_WARN_ENUM_CONVERSION = YES;
				CLANG_WARN_INFINITE_RECURSION = YES;
				CLANG_WARN_INT_CONVERSION = YES;
				CLANG_WARN_NON_LITERAL_NULL_CONVERSION = YES;
				CLANG_WARN_OBJC_IMPLICIT_RETAIN_SELF = YES;
				CLANG_WARN_OBJC_LITERAL_CONVERSION = YES;
				CLANG_WARN_OBJC_ROOT_CLASS = YES_ERROR;
				CLANG_WARN_QUOTED_INCLUDE_IN_FRAMEWORK_HEADER = YES;
				CLANG_WARN_RANGE_LOOP_ANALYSIS = YES;
				CLANG_WARN_STRICT_PROTOTYPES = YES;
				CLANG_WARN_SUSPICIOUS_MOVE = YES;
				CLANG_WARN_UNGUARDED_AVAILABILITY = YES_AGGRESSIVE;
				CLANG_WARN_UNREACHABLE_CODE = YES;
				CLANG_WARN__DUPLICATE_METHOD_MATCH = YES;
				COPY_PHASE_STRIP = NO;
				DEBUG_INFORMATION_FORMAT = dwarf;
				ENABLE_STRICT_OBJC_MSGSEND = YES;
				ENABLE_TESTABILITY = YES;
				GCC_C_LANGUAGE_STANDARD = gnu11;
				GCC_DYNAMIC_NO_PIC = NO;
				GCC_NO_COMMON_BLOCKS = YES;
				GCC_OPTIMIZATION_LEVEL = 0;
				GCC_PREPROCESSOR_DEFINITIONS = (
					"DEBUG=1",
					"$(inherited)",
				);
				GCC_WARN_64_TO_32_BIT_CONVERSION = YES;
				GCC_WARN_ABOUT_RETURN_TYPE = YES_ERROR;
				GCC_WARN_UNDECLARED_SELECTOR = YES;
				GCC_WARN_UNINITIALIZED_AUTOS = YES_AGGRESSIVE;
				GCC_WARN_UNUSED_FUNCTION = YES;
				GCC_WARN_UNUSED_VARIABLE = YES;
				IPHONEOS_DEPLOYMENT_TARGET = 14.5;
				MTL_ENABLE_DEBUG_INFO = INCLUDE_SOURCE;
				MTL_FAST_MATH = YES;
				ONLY_ACTIVE_ARCH = YES;
				SDKROOT = iphoneos;
				SWIFT_ACTIVE_COMPILATION_CONDITIONS = DEBUG;
				SWIFT_OPTIMIZATION_LEVEL = "-Onone";
			};
			name = Debug;
		};
		9BDE621F26D4031E00876C80 /* Release */ = {
			isa = XCBuildConfiguration;
			buildSettings = {
				ALWAYS_SEARCH_USER_PATHS = NO;
				CLANG_ANALYZER_NONNULL = YES;
				CLANG_ANALYZER_NUMBER_OBJECT_CONVERSION = YES_AGGRESSIVE;
				CLANG_CXX_LANGUAGE_STANDARD = "gnu++14";
				CLANG_CXX_LIBRARY = "libc++";
				CLANG_ENABLE_MODULES = YES;
				CLANG_ENABLE_OBJC_ARC = YES;
				CLANG_ENABLE_OBJC_WEAK = YES;
				CLANG_WARN_BLOCK_CAPTURE_AUTORELEASING = YES;
				CLANG_WARN_BOOL_CONVERSION = YES;
				CLANG_WARN_COMMA = YES;
				CLANG_WARN_CONSTANT_CONVERSION = YES;
				CLANG_WARN_DEPRECATED_OBJC_IMPLEMENTATIONS = YES;
				CLANG_WARN_DIRECT_OBJC_ISA_USAGE = YES_ERROR;
				CLANG_WARN_DOCUMENTATION_COMMENTS = YES;
				CLANG_WARN_EMPTY_BODY = YES;
				CLANG_WARN_ENUM_CONVERSION = YES;
				CLANG_WARN_INFINITE_RECURSION = YES;
				CLANG_WARN_INT_CONVERSION = YES;
				CLANG_WARN_NON_LITERAL_NULL_CONVERSION = YES;
				CLANG_WARN_OBJC_IMPLICIT_RETAIN_SELF = YES;
				CLANG_WARN_OBJC_LITERAL_CONVERSION = YES;
				CLANG_WARN_OBJC_ROOT_CLASS = YES_ERROR;
				CLANG_WARN_QUOTED_INCLUDE_IN_FRAMEWORK_HEADER = YES;
				CLANG_WARN_RANGE_LOOP_ANALYSIS = YES;
				CLANG_WARN_STRICT_PROTOTYPES = YES;
				CLANG_WARN_SUSPICIOUS_MOVE = YES;
				CLANG_WARN_UNGUARDED_AVAILABILITY = YES_AGGRESSIVE;
				CLANG_WARN_UNREACHABLE_CODE = YES;
				CLANG_WARN__DUPLICATE_METHOD_MATCH = YES;
				COPY_PHASE_STRIP = NO;
				DEBUG_INFORMATION_FORMAT = "dwarf-with-dsym";
				ENABLE_NS_ASSERTIONS = NO;
				ENABLE_STRICT_OBJC_MSGSEND = YES;
				GCC_C_LANGUAGE_STANDARD = gnu11;
				GCC_NO_COMMON_BLOCKS = YES;
				GCC_WARN_64_TO_32_BIT_CONVERSION = YES;
				GCC_WARN_ABOUT_RETURN_TYPE = YES_ERROR;
				GCC_WARN_UNDECLARED_SELECTOR = YES;
				GCC_WARN_UNINITIALIZED_AUTOS = YES_AGGRESSIVE;
				GCC_WARN_UNUSED_FUNCTION = YES;
				GCC_WARN_UNUSED_VARIABLE = YES;
				IPHONEOS_DEPLOYMENT_TARGET = 14.5;
				MTL_ENABLE_DEBUG_INFO = NO;
				MTL_FAST_MATH = YES;
				SDKROOT = iphoneos;
				SWIFT_COMPILATION_MODE = wholemodule;
				SWIFT_OPTIMIZATION_LEVEL = "-O";
				VALIDATE_PRODUCT = YES;
			};
			name = Release;
		};
		9BDE622126D4031E00876C80 /* Debug */ = {
			isa = XCBuildConfiguration;
			baseConfigurationReference = 33F3374AA1D2CC7B8238BFD0 /* Pods-News.debug.xcconfig */;
			buildSettings = {
				ASSETCATALOG_COMPILER_APPICON_NAME = AppIcon;
				ASSETCATALOG_COMPILER_GLOBAL_ACCENT_COLOR_NAME = AccentColor;
				CODE_SIGN_STYLE = Automatic;
				DEVELOPMENT_TEAM = P76MCC3AQ3;
				INFOPLIST_FILE = News/Application/Support/Info.plist;
				LD_RUNPATH_SEARCH_PATHS = (
					"$(inherited)",
					"@executable_path/Frameworks",
				);
				PRODUCT_BUNDLE_IDENTIFIER = perpet.io.News;
				PRODUCT_NAME = "$(TARGET_NAME)";
				SWIFT_VERSION = 5.0;
				TARGETED_DEVICE_FAMILY = 1;
			};
			name = Debug;
		};
		9BDE622226D4031E00876C80 /* Release */ = {
			isa = XCBuildConfiguration;
			baseConfigurationReference = D57CFF2EB5EB18ECD588AD91 /* Pods-News.release.xcconfig */;
			buildSettings = {
				ASSETCATALOG_COMPILER_APPICON_NAME = AppIcon;
				ASSETCATALOG_COMPILER_GLOBAL_ACCENT_COLOR_NAME = AccentColor;
				CODE_SIGN_STYLE = Automatic;
				DEVELOPMENT_TEAM = P76MCC3AQ3;
				INFOPLIST_FILE = News/Application/Support/Info.plist;
				LD_RUNPATH_SEARCH_PATHS = (
					"$(inherited)",
					"@executable_path/Frameworks",
				);
				PRODUCT_BUNDLE_IDENTIFIER = perpet.io.News;
				PRODUCT_NAME = "$(TARGET_NAME)";
				SWIFT_VERSION = 5.0;
				TARGETED_DEVICE_FAMILY = 1;
			};
			name = Release;
		};
/* End XCBuildConfiguration section */

/* Begin XCConfigurationList section */
		9BDE620426D4031B00876C80 /* Build configuration list for PBXProject "News" */ = {
			isa = XCConfigurationList;
			buildConfigurations = (
				9BDE621E26D4031E00876C80 /* Debug */,
				9BDE621F26D4031E00876C80 /* Release */,
			);
			defaultConfigurationIsVisible = 0;
			defaultConfigurationName = Release;
		};
		9BDE622026D4031E00876C80 /* Build configuration list for PBXNativeTarget "News" */ = {
			isa = XCConfigurationList;
			buildConfigurations = (
				9BDE622126D4031E00876C80 /* Debug */,
				9BDE622226D4031E00876C80 /* Release */,
			);
			defaultConfigurationIsVisible = 0;
			defaultConfigurationName = Release;
		};
/* End XCConfigurationList section */

/* Begin XCVersionGroup section */
		9BDE621526D4031B00876C80 /* News.xcdatamodeld */ = {
			isa = XCVersionGroup;
			children = (
				9BDE621626D4031B00876C80 /* News.xcdatamodel */,
			);
			currentVersion = 9BDE621626D4031B00876C80 /* News.xcdatamodel */;
			path = News.xcdatamodeld;
			sourceTree = "<group>";
			versionGroupType = wrapper.xcdatamodel;
		};
/* End XCVersionGroup section */
	};
	rootObject = 9BDE620126D4031B00876C80 /* Project object */;
}
